
Microsoft Visual Studio Solution File, Format Version 12.00
# Visual Studio Version 17
VisualStudioVersion = 17.6.33706.43
MinimumVisualStudioVersion = 10.0.40219.1
Project("{FAE04EC0-301F-11D3-BF4B-00C04F79EFBC}") = "BlazorPhotino", "BlazorPhotino\BlazorPhotino.csproj", "{F04A618A-3FDA-4BFF-966C-89D6C89F3CD5}"
EndProject
Global
	GlobalSection(SolutionConfigurationPlatforms) = preSolution
		Debug|Any CPU = Debug|Any CPU
		Release|Any CPU = Release|Any CPU
	EndGlobalSection
	GlobalSection(ProjectConfigurationPlatforms) = postSolution
		{F04A618A-3FDA-4BFF-966C-89D6C89F3CD5}.Debug|Any CPU.ActiveCfg = Debug|Any CPU
		{F04A618A-3FDA-4BFF-966C-89D6C89F3CD5}.Debug|Any CPU.Build.0 = Debug|Any CPU
		{F04A618A-3FDA-4BFF-966C-89D6C89F3CD5}.Release|Any CPU.ActiveCfg = Release|Any CPU
		{F04A618A-3FDA-4BFF-966C-89D6C89F3CD5}.Release|Any CPU.Build.0 = Release|Any CPU
	EndGlobalSection
	GlobalSection(SolutionProperties) = preSolution
		HideSolutionNode = FALSE
	EndGlobalSection
	GlobalSection(ExtensibilityGlobals) = postSolution
		SolutionGuid = {4CBE824D-649B-4353-A826-38151A93F39D}
	EndGlobalSection
EndGlobal
