
Microsoft Visual Studio Solution File, Format Version 12.00
# Visual Studio Version 17
VisualStudioVersion = 17.9.34310.174
MinimumVisualStudioVersion = 10.0.40219.1
Project("{2150E333-8FDC-42A3-9474-1A3956D46DE8}") = "src", "src", "{9BDD8DA2-1CC9-4A6F-83E2-6ADBECFC116B}"
EndProject
Project("{FAE04EC0-301F-11D3-BF4B-00C04F79EFBC}") = "Masa.Blazor.Pro.Rcl", "src\Masa.Blazor.Pro.Rcl\Masa.Blazor.Pro.Rcl.csproj", "{94360DE5-F53F-4C47-96A3-9465BEA8EB66}"
EndProject
Project("{FAE04EC0-301F-11D3-BF4B-00C04F79EFBC}") = "Masa.Blazor.Pro.Winform", "src\Masa.Blazor.Pro.Winform\Masa.Blazor.Pro.Winform.csproj", "{9ECCAAB1-78B0-40AA-ADD1-F08A360DE2FF}"
EndProject
Project("{FAE04EC0-301F-11D3-BF4B-00C04F79EFBC}") = "Masa.Blazor.Pro.Photino", "src\Masa.Blazor.Pro.Photino\Masa.Blazor.Pro.Photino.csproj", "{EE1E8F5F-9FCB-43B1-8560-E634F97F7FA7}"
EndProject
Project("{FAE04EC0-301F-11D3-BF4B-00C04F79EFBC}") = "Masa.Blazor.Pro.Wpf", "src\Masa.Blazor.Pro.Wpf\Masa.Blazor.Pro.Wpf.csproj", "{FFD693D2-F03B-460F-B1CF-9A878B8D3AAF}"
EndProject
Global
	GlobalSection(SolutionConfigurationPlatforms) = preSolution
		Debug|Any CPU = Debug|Any CPU
		Release|Any CPU = Release|Any CPU
	EndGlobalSection
	GlobalSection(ProjectConfigurationPlatforms) = postSolution
		{94360DE5-F53F-4C47-96A3-9465BEA8EB66}.Debug|Any CPU.ActiveCfg = Debug|Any CPU
		{94360DE5-F53F-4C47-96A3-9465BEA8EB66}.Debug|Any CPU.Build.0 = Debug|Any CPU
		{94360DE5-F53F-4C47-96A3-9465BEA8EB66}.Release|Any CPU.ActiveCfg = Release|Any CPU
		{94360DE5-F53F-4C47-96A3-9465BEA8EB66}.Release|Any CPU.Build.0 = Release|Any CPU
		{9ECCAAB1-78B0-40AA-ADD1-F08A360DE2FF}.Debug|Any CPU.ActiveCfg = Debug|Any CPU
		{9ECCAAB1-78B0-40AA-ADD1-F08A360DE2FF}.Debug|Any CPU.Build.0 = Debug|Any CPU
		{9ECCAAB1-78B0-40AA-ADD1-F08A360DE2FF}.Release|Any CPU.ActiveCfg = Release|Any CPU
		{9ECCAAB1-78B0-40AA-ADD1-F08A360DE2FF}.Release|Any CPU.Build.0 = Release|Any CPU
		{EE1E8F5F-9FCB-43B1-8560-E634F97F7FA7}.Debug|Any CPU.ActiveCfg = Debug|Any CPU
		{EE1E8F5F-9FCB-43B1-8560-E634F97F7FA7}.Debug|Any CPU.Build.0 = Debug|Any CPU
		{EE1E8F5F-9FCB-43B1-8560-E634F97F7FA7}.Release|Any CPU.ActiveCfg = Release|Any CPU
		{EE1E8F5F-9FCB-43B1-8560-E634F97F7FA7}.Release|Any CPU.Build.0 = Release|Any CPU
		{FFD693D2-F03B-460F-B1CF-9A878B8D3AAF}.Debug|Any CPU.ActiveCfg = Debug|Any CPU
		{FFD693D2-F03B-460F-B1CF-9A878B8D3AAF}.Debug|Any CPU.Build.0 = Debug|Any CPU
		{FFD693D2-F03B-460F-B1CF-9A878B8D3AAF}.Release|Any CPU.ActiveCfg = Release|Any CPU
		{FFD693D2-F03B-460F-B1CF-9A878B8D3AAF}.Release|Any CPU.Build.0 = Release|Any CPU
	EndGlobalSection
	GlobalSection(SolutionProperties) = preSolution
		HideSolutionNode = FALSE
	EndGlobalSection
	GlobalSection(NestedProjects) = preSolution
		{94360DE5-F53F-4C47-96A3-9465BEA8EB66} = {9BDD8DA2-1CC9-4A6F-83E2-6ADBECFC116B}
		{9ECCAAB1-78B0-40AA-ADD1-F08A360DE2FF} = {9BDD8DA2-1CC9-4A6F-83E2-6ADBECFC116B}
		{EE1E8F5F-9FCB-43B1-8560-E634F97F7FA7} = {9BDD8DA2-1CC9-4A6F-83E2-6ADBECFC116B}
		{FFD693D2-F03B-460F-B1CF-9A878B8D3AAF} = {9BDD8DA2-1CC9-4A6F-83E2-6ADBECFC116B}
	EndGlobalSection
	GlobalSection(ExtensibilityGlobals) = postSolution
		SolutionGuid = {3E81E490-AC5A-444D-8ACF-2421E0861F1A}
	EndGlobalSection
EndGlobal
